// !$*UTF8*$!
{
	archiveVersion = 1;
	classes = {
	};
	objectVersion = 50;
	objects = {

/* Begin PBXBuildFile section */
		F46F6253222C68C100E9C9CB /* CodabilityBestPractices.framework in Frameworks */ = {isa = PBXBuildFile; fileRef = F46F6249222C68C000E9C9CB /* CodabilityBestPractices.framework */; };
		F46F625A222C68C100E9C9CB /* CodabilityBestPractices.h in Headers */ = {isa = PBXBuildFile; fileRef = F46F624C222C68C000E9C9CB /* CodabilityBestPractices.h */; settings = {ATTRIBUTES = (Public, ); }; };
		F46F6264222C690600E9C9CB /* DogTests.swift in Sources */ = {isa = PBXBuildFile; fileRef = F46F6263222C690600E9C9CB /* DogTests.swift */; };
		F46F6269222C6A1200E9C9CB /* Dog.swift in Sources */ = {isa = PBXBuildFile; fileRef = F46F6268222C6A1200E9C9CB /* Dog.swift */; };
		F4E0B430222C71C90075A4A0 /* DogImage.jpg in Resources */ = {isa = PBXBuildFile; fileRef = F4E0B42E222C6CA20075A4A0 /* DogImage.jpg */; };
		F4E0B432222C72750075A4A0 /* RemoteDogTests.swift in Sources */ = {isa = PBXBuildFile; fileRef = F4E0B431222C72740075A4A0 /* RemoteDogTests.swift */; };
		F4E0B434222C74DA0075A4A0 /* RemoteDog.swift in Sources */ = {isa = PBXBuildFile; fileRef = F4E0B433222C74DA0075A4A0 /* RemoteDog.swift */; };
		F4E0B436222C74E30075A4A0 /* RemoteDogBuilder.swift in Sources */ = {isa = PBXBuildFile; fileRef = F4E0B435222C74E30075A4A0 /* RemoteDogBuilder.swift */; };
		F4E0B438222C78690075A4A0 /* CacheableDogTests.swift in Sources */ = {isa = PBXBuildFile; fileRef = F4E0B437222C78690075A4A0 /* CacheableDogTests.swift */; };
		F4E0B43A222C79040075A4A0 /* CacheableDog.swift in Sources */ = {isa = PBXBuildFile; fileRef = F4E0B439222C79040075A4A0 /* CacheableDog.swift */; };
		F4E0B43C222C7E0D0075A4A0 /* CacheableDogBuilder.swift in Sources */ = {isa = PBXBuildFile; fileRef = F4E0B43B222C7E0D0075A4A0 /* CacheableDogBuilder.swift */; };
/* End PBXBuildFile section */

/* Begin PBXContainerItemProxy section */
		F46F6254222C68C100E9C9CB /* PBXContainerItemProxy */ = {
			isa = PBXContainerItemProxy;
			containerPortal = F46F6240222C68C000E9C9CB /* Project object */;
			proxyType = 1;
			remoteGlobalIDString = F46F6248222C68C000E9C9CB;
			remoteInfo = CodabilityBestPractices;
		};
/* End PBXContainerItemProxy section */

/* Begin PBXFileReference section */
		F46F6249222C68C000E9C9CB /* CodabilityBestPractices.framework */ = {isa = PBXFileReference; explicitFileType = wrapper.framework; includeInIndex = 0; path = CodabilityBestPractices.framework; sourceTree = BUILT_PRODUCTS_DIR; };
		F46F624C222C68C000E9C9CB /* CodabilityBestPractices.h */ = {isa = PBXFileReference; lastKnownFileType = sourcecode.c.h; path = CodabilityBestPractices.h; sourceTree = "<group>"; };
		F46F624D222C68C000E9C9CB /* Info.plist */ = {isa = PBXFileReference; lastKnownFileType = text.plist.xml; path = Info.plist; sourceTree = "<group>"; };
		F46F6252222C68C100E9C9CB /* CodabilityBestPracticesTests.xctest */ = {isa = PBXFileReference; explicitFileType = wrapper.cfbundle; includeInIndex = 0; path = CodabilityBestPracticesTests.xctest; sourceTree = BUILT_PRODUCTS_DIR; };
		F46F6259222C68C100E9C9CB /* Info.plist */ = {isa = PBXFileReference; lastKnownFileType = text.plist.xml; path = Info.plist; sourceTree = "<group>"; };
		F46F6263222C690600E9C9CB /* DogTests.swift */ = {isa = PBXFileReference; lastKnownFileType = sourcecode.swift; path = DogTests.swift; sourceTree = "<group>"; };
		F46F6268222C6A1200E9C9CB /* Dog.swift */ = {isa = PBXFileReference; lastKnownFileType = sourcecode.swift; path = Dog.swift; sourceTree = "<group>"; };
		F4E0B42E222C6CA20075A4A0 /* DogImage.jpg */ = {isa = PBXFileReference; lastKnownFileType = image.jpeg; path = DogImage.jpg; sourceTree = "<group>"; };
		F4E0B431222C72740075A4A0 /* RemoteDogTests.swift */ = {isa = PBXFileReference; lastKnownFileType = sourcecode.swift; path = RemoteDogTests.swift; sourceTree = "<group>"; };
		F4E0B433222C74DA0075A4A0 /* RemoteDog.swift */ = {isa = PBXFileReference; lastKnownFileType = sourcecode.swift; path = RemoteDog.swift; sourceTree = "<group>"; };
		F4E0B435222C74E30075A4A0 /* RemoteDogBuilder.swift */ = {isa = PBXFileReference; lastKnownFileType = sourcecode.swift; path = RemoteDogBuilder.swift; sourceTree = "<group>"; };
		F4E0B437222C78690075A4A0 /* CacheableDogTests.swift */ = {isa = PBXFileReference; lastKnownFileType = sourcecode.swift; path = CacheableDogTests.swift; sourceTree = "<group>"; };
		F4E0B439222C79040075A4A0 /* CacheableDog.swift */ = {isa = PBXFileReference; lastKnownFileType = sourcecode.swift; path = CacheableDog.swift; sourceTree = "<group>"; };
		F4E0B43B222C7E0D0075A4A0 /* CacheableDogBuilder.swift */ = {isa = PBXFileReference; lastKnownFileType = sourcecode.swift; path = CacheableDogBuilder.swift; sourceTree = "<group>"; };
/* End PBXFileReference section */

/* Begin PBXFrameworksBuildPhase section */
		F46F6246222C68C000E9C9CB /* Frameworks */ = {
			isa = PBXFrameworksBuildPhase;
			buildActionMask = 2147483647;
			files = (
			);
			runOnlyForDeploymentPostprocessing = 0;
		};
		F46F624F222C68C100E9C9CB /* Frameworks */ = {
			isa = PBXFrameworksBuildPhase;
			buildActionMask = 2147483647;
			files = (
				F46F6253222C68C100E9C9CB /* CodabilityBestPractices.framework in Frameworks */,
			);
			runOnlyForDeploymentPostprocessing = 0;
		};
/* End PBXFrameworksBuildPhase section */

/* Begin PBXGroup section */
		F46F623F222C68C000E9C9CB = {
			isa = PBXGroup;
			children = (
				F46F624B222C68C000E9C9CB /* CodabilityBestPractices */,
				F46F6256222C68C100E9C9CB /* CodabilityBestPracticesTests */,
				F46F624A222C68C000E9C9CB /* Products */,
			);
			sourceTree = "<group>";
		};
		F46F624A222C68C000E9C9CB /* Products */ = {
			isa = PBXGroup;
			children = (
				F46F6249222C68C000E9C9CB /* CodabilityBestPractices.framework */,
				F46F6252222C68C100E9C9CB /* CodabilityBestPracticesTests.xctest */,
			);
			name = Products;
			sourceTree = "<group>";
		};
		F46F624B222C68C000E9C9CB /* CodabilityBestPractices */ = {
			isa = PBXGroup;
			children = (
				F46F624C222C68C000E9C9CB /* CodabilityBestPractices.h */,
				F46F624D222C68C000E9C9CB /* Info.plist */,
				F46F6268222C6A1200E9C9CB /* Dog.swift */,
				F4E0B433222C74DA0075A4A0 /* RemoteDog.swift */,
				F4E0B435222C74E30075A4A0 /* RemoteDogBuilder.swift */,
				F4E0B439222C79040075A4A0 /* CacheableDog.swift */,
				F4E0B43B222C7E0D0075A4A0 /* CacheableDogBuilder.swift */,
			);
			path = CodabilityBestPractices;
			sourceTree = "<group>";
		};
		F46F6256222C68C100E9C9CB /* CodabilityBestPracticesTests */ = {
			isa = PBXGroup;
			children = (
				F4E0B437222C78690075A4A0 /* CacheableDogTests.swift */,
				F4E0B431222C72740075A4A0 /* RemoteDogTests.swift */,
				F46F6259222C68C100E9C9CB /* Info.plist */,
				F4E0B42E222C6CA20075A4A0 /* DogImage.jpg */,
				F46F6263222C690600E9C9CB /* DogTests.swift */,
			);
			path = CodabilityBestPracticesTests;
			sourceTree = "<group>";
		};
/* End PBXGroup section */

/* Begin PBXHeadersBuildPhase section */
		F46F6244222C68C000E9C9CB /* Headers */ = {
			isa = PBXHeadersBuildPhase;
			buildActionMask = 2147483647;
			files = (
				F46F625A222C68C100E9C9CB /* CodabilityBestPractices.h in Headers */,
			);
			runOnlyForDeploymentPostprocessing = 0;
		};
/* End PBXHeadersBuildPhase section */

/* Begin PBXNativeTarget section */
		F46F6248222C68C000E9C9CB /* CodabilityBestPractices */ = {
			isa = PBXNativeTarget;
			buildConfigurationList = F46F625D222C68C100E9C9CB /* Build configuration list for PBXNativeTarget "CodabilityBestPractices" */;
			buildPhases = (
				F46F6244222C68C000E9C9CB /* Headers */,
				F46F6245222C68C000E9C9CB /* Sources */,
				F46F6246222C68C000E9C9CB /* Frameworks */,
				F46F6247222C68C000E9C9CB /* Resources */,
			);
			buildRules = (
			);
			dependencies = (
			);
			name = CodabilityBestPractices;
			productName = CodabilityBestPractices;
			productReference = F46F6249222C68C000E9C9CB /* CodabilityBestPractices.framework */;
			productType = "com.apple.product-type.framework";
		};
		F46F6251222C68C100E9C9CB /* CodabilityBestPracticesTests */ = {
			isa = PBXNativeTarget;
			buildConfigurationList = F46F6260222C68C100E9C9CB /* Build configuration list for PBXNativeTarget "CodabilityBestPracticesTests" */;
			buildPhases = (
				F46F624E222C68C100E9C9CB /* Sources */,
				F46F624F222C68C100E9C9CB /* Frameworks */,
				F46F6250222C68C100E9C9CB /* Resources */,
			);
			buildRules = (
			);
			dependencies = (
				F46F6255222C68C100E9C9CB /* PBXTargetDependency */,
			);
			name = CodabilityBestPracticesTests;
			productName = CodabilityBestPracticesTests;
			productReference = F46F6252222C68C100E9C9CB /* CodabilityBestPracticesTests.xctest */;
			productType = "com.apple.product-type.bundle.unit-test";
		};
/* End PBXNativeTarget section */

/* Begin PBXProject section */
		F46F6240222C68C000E9C9CB /* Project object */ = {
			isa = PBXProject;
			attributes = {
				LastSwiftUpdateCheck = 1010;
				LastUpgradeCheck = 1010;
				ORGANIZATIONNAME = "Joe Susnick";
				TargetAttributes = {
					F46F6248222C68C000E9C9CB = {
						CreatedOnToolsVersion = 10.1;
						LastSwiftMigration = 1010;
					};
					F46F6251222C68C100E9C9CB = {
						CreatedOnToolsVersion = 10.1;
						LastSwiftMigration = 1010;
					};
				};
			};
			buildConfigurationList = F46F6243222C68C000E9C9CB /* Build configuration list for PBXProject "CodabilityBestPractices" */;
			compatibilityVersion = "Xcode 9.3";
			developmentRegion = en;
			hasScannedForEncodings = 0;
			knownRegions = (
				en,
			);
			mainGroup = F46F623F222C68C000E9C9CB;
			productRefGroup = F46F624A222C68C000E9C9CB /* Products */;
			projectDirPath = "";
			projectRoot = "";
			targets = (
				F46F6248222C68C000E9C9CB /* CodabilityBestPractices */,
				F46F6251222C68C100E9C9CB /* CodabilityBestPracticesTests */,
			);
		};
/* End PBXProject section */

/* Begin PBXResourcesBuildPhase section */
		F46F6247222C68C000E9C9CB /* Resources */ = {
			isa = PBXResourcesBuildPhase;
			buildActionMask = 2147483647;
			files = (
			);
			runOnlyForDeploymentPostprocessing = 0;
		};
		F46F6250222C68C100E9C9CB /* Resources */ = {
			isa = PBXResourcesBuildPhase;
			buildActionMask = 2147483647;
			files = (
				F4E0B430222C71C90075A4A0 /* DogImage.jpg in Resources */,
			);
			runOnlyForDeploymentPostprocessing = 0;
		};
/* End PBXResourcesBuildPhase section */

/* Begin PBXSourcesBuildPhase section */
		F46F6245222C68C000E9C9CB /* Sources */ = {
			isa = PBXSourcesBuildPhase;
			buildActionMask = 2147483647;
			files = (
				F4E0B43C222C7E0D0075A4A0 /* CacheableDogBuilder.swift in Sources */,
				F4E0B436222C74E30075A4A0 /* RemoteDogBuilder.swift in Sources */,
				F4E0B434222C74DA0075A4A0 /* RemoteDog.swift in Sources */,
				F46F6269222C6A1200E9C9CB /* Dog.swift in Sources */,
				F4E0B43A222C79040075A4A0 /* CacheableDog.swift in Sources */,
			);
			runOnlyForDeploymentPostprocessing = 0;
		};
		F46F624E222C68C100E9C9CB /* Sources */ = {
			isa = PBXSourcesBuildPhase;
			buildActionMask = 2147483647;
			files = (
				F4E0B432222C72750075A4A0 /* RemoteDogTests.swift in Sources */,
				F46F6264222C690600E9C9CB /* DogTests.swift in Sources */,
				F4E0B438222C78690075A4A0 /* CacheableDogTests.swift in Sources */,
			);
			runOnlyForDeploymentPostprocessing = 0;
		};
/* End PBXSourcesBuildPhase section */

/* Begin PBXTargetDependency section */
		F46F6255222C68C100E9C9CB /* PBXTargetDependency */ = {
			isa = PBXTargetDependency;
			target = F46F6248222C68C000E9C9CB /* CodabilityBestPractices */;
			targetProxy = F46F6254222C68C100E9C9CB /* PBXContainerItemProxy */;
		};
/* End PBXTargetDependency section */

/* Begin XCBuildConfiguration section */
		F46F625B222C68C100E9C9CB /* Debug */ = {
			isa = XCBuildConfiguration;
			buildSettings = {
				ALWAYS_SEARCH_USER_PATHS = NO;
				CLANG_ANALYZER_NONNULL = YES;
				CLANG_ANALYZER_NUMBER_OBJECT_CONVERSION = YES_AGGRESSIVE;
				CLANG_CXX_LANGUAGE_STANDARD = "gnu++14";
				CLANG_CXX_LIBRARY = "libc++";
				CLANG_ENABLE_MODULES = YES;
				CLANG_ENABLE_OBJC_ARC = YES;
				CLANG_ENABLE_OBJC_WEAK = YES;
				CLANG_WARN_BLOCK_CAPTURE_AUTORELEASING = YES;
				CLANG_WARN_BOOL_CONVERSION = YES;
				CLANG_WARN_COMMA = YES;
				CLANG_WARN_CONSTANT_CONVERSION = YES;
				CLANG_WARN_DEPRECATED_OBJC_IMPLEMENTATIONS = YES;
				CLANG_WARN_DIRECT_OBJC_ISA_USAGE = YES_ERROR;
				CLANG_WARN_DOCUMENTATION_COMMENTS = YES;
				CLANG_WARN_EMPTY_BODY = YES;
				CLANG_WARN_ENUM_CONVERSION = YES;
				CLANG_WARN_INFINITE_RECURSION = YES;
				CLANG_WARN_INT_CONVERSION = YES;
				CLANG_WARN_NON_LITERAL_NULL_CONVERSION = YES;
				CLANG_WARN_OBJC_IMPLICIT_RETAIN_SELF = YES;
				CLANG_WARN_OBJC_LITERAL_CONVERSION = YES;
				CLANG_WARN_OBJC_ROOT_CLASS = YES_ERROR;
				CLANG_WARN_RANGE_LOOP_ANALYSIS = YES;
				CLANG_WARN_STRICT_PROTOTYPES = YES;
				CLANG_WARN_SUSPICIOUS_MOVE = YES;
				CLANG_WARN_UNGUARDED_AVAILABILITY = YES_AGGRESSIVE;
				CLANG_WARN_UNREACHABLE_CODE = YES;
				CLANG_WARN__DUPLICATE_METHOD_MATCH = YES;
				CODE_SIGN_IDENTITY = "iPhone Developer";
				COPY_PHASE_STRIP = NO;
				CURRENT_PROJECT_VERSION = 1;
				DEBUG_INFORMATION_FORMAT = dwarf;
				ENABLE_STRICT_OBJC_MSGSEND = YES;
				ENABLE_TESTABILITY = YES;
				GCC_C_LANGUAGE_STANDARD = gnu11;
				GCC_DYNAMIC_NO_PIC = NO;
				GCC_NO_COMMON_BLOCKS = YES;
				GCC_OPTIMIZATION_LEVEL = 0;
				GCC_PREPROCESSOR_DEFINITIONS = (
					"DEBUG=1",
					"$(inherited)",
				);
				GCC_WARN_64_TO_32_BIT_CONVERSION = YES;
				GCC_WARN_ABOUT_RETURN_TYPE = YES_ERROR;
				GCC_WARN_UNDECLARED_SELECTOR = YES;
				GCC_WARN_UNINITIALIZED_AUTOS = YES_AGGRESSIVE;
				GCC_WARN_UNUSED_FUNCTION = YES;
				GCC_WARN_UNUSED_VARIABLE = YES;
				IPHONEOS_DEPLOYMENT_TARGET = 12.1;
				MTL_ENABLE_DEBUG_INFO = INCLUDE_SOURCE;
				MTL_FAST_MATH = YES;
				ONLY_ACTIVE_ARCH = YES;
				SDKROOT = iphoneos;
				SWIFT_ACTIVE_COMPILATION_CONDITIONS = DEBUG;
				SWIFT_OPTIMIZATION_LEVEL = "-Onone";
				VERSIONING_SYSTEM = "apple-generic";
				VERSION_INFO_PREFIX = "";
			};
			name = Debug;
		};
		F46F625C222C68C100E9C9CB /* Release */ = {
			isa = XCBuildConfiguration;
			buildSettings = {
				ALWAYS_SEARCH_USER_PATHS = NO;
				CLANG_ANALYZER_NONNULL = YES;
				CLANG_ANALYZER_NUMBER_OBJECT_CONVERSION = YES_AGGRESSIVE;
				CLANG_CXX_LANGUAGE_STANDARD = "gnu++14";
				CLANG_CXX_LIBRARY = "libc++";
				CLANG_ENABLE_MODULES = YES;
				CLANG_ENABLE_OBJC_ARC = YES;
				CLANG_ENABLE_OBJC_WEAK = YES;
				CLANG_WARN_BLOCK_CAPTURE_AUTORELEASING = YES;
				CLANG_WARN_BOOL_CONVERSION = YES;
				CLANG_WARN_COMMA = YES;
				CLANG_WARN_CONSTANT_CONVERSION = YES;
				CLANG_WARN_DEPRECATED_OBJC_IMPLEMENTATIONS = YES;
				CLANG_WARN_DIRECT_OBJC_ISA_USAGE = YES_ERROR;
				CLANG_WARN_DOCUMENTATION_COMMENTS = YES;
				CLANG_WARN_EMPTY_BODY = YES;
				CLANG_WARN_ENUM_CONVERSION = YES;
				CLANG_WARN_INFINITE_RECURSION = YES;
				CLANG_WARN_INT_CONVERSION = YES;
				CLANG_WARN_NON_LITERAL_NULL_CONVERSION = YES;
				CLANG_WARN_OBJC_IMPLICIT_RETAIN_SELF = YES;
				CLANG_WARN_OBJC_LITERAL_CONVERSION = YES;
				CLANG_WARN_OBJC_ROOT_CLASS = YES_ERROR;
				CLANG_WARN_RANGE_LOOP_ANALYSIS = YES;
				CLANG_WARN_STRICT_PROTOTYPES = YES;
				CLANG_WARN_SUSPICIOUS_MOVE = YES;
				CLANG_WARN_UNGUARDED_AVAILABILITY = YES_AGGRESSIVE;
				CLANG_WARN_UNREACHABLE_CODE = YES;
				CLANG_WARN__DUPLICATE_METHOD_MATCH = YES;
				CODE_SIGN_IDENTITY = "iPhone Developer";
				COPY_PHASE_STRIP = NO;
				CURRENT_PROJECT_VERSION = 1;
				DEBUG_INFORMATION_FORMAT = "dwarf-with-dsym";
				ENABLE_NS_ASSERTIONS = NO;
				ENABLE_STRICT_OBJC_MSGSEND = YES;
				GCC_C_LANGUAGE_STANDARD = gnu11;
				GCC_NO_COMMON_BLOCKS = YES;
				GCC_WARN_64_TO_32_BIT_CONVERSION = YES;
				GCC_WARN_ABOUT_RETURN_TYPE = YES_ERROR;
				GCC_WARN_UNDECLARED_SELECTOR = YES;
				GCC_WARN_UNINITIALIZED_AUTOS = YES_AGGRESSIVE;
				GCC_WARN_UNUSED_FUNCTION = YES;
				GCC_WARN_UNUSED_VARIABLE = YES;
				IPHONEOS_DEPLOYMENT_TARGET = 12.1;
				MTL_ENABLE_DEBUG_INFO = NO;
				MTL_FAST_MATH = YES;
				SDKROOT = iphoneos;
				SWIFT_COMPILATION_MODE = wholemodule;
				SWIFT_OPTIMIZATION_LEVEL = "-O";
				VALIDATE_PRODUCT = YES;
				VERSIONING_SYSTEM = "apple-generic";
				VERSION_INFO_PREFIX = "";
			};
			name = Release;
		};
		F46F625E222C68C100E9C9CB /* Debug */ = {
			isa = XCBuildConfiguration;
			buildSettings = {
				CLANG_ENABLE_MODULES = YES;
				CODE_SIGN_IDENTITY = "";
				CODE_SIGN_STYLE = Automatic;
				DEFINES_MODULE = YES;
				DEVELOPMENT_TEAM = NEL58AT86X;
				DYLIB_COMPATIBILITY_VERSION = 1;
				DYLIB_CURRENT_VERSION = 1;
				DYLIB_INSTALL_NAME_BASE = "@rpath";
				INFOPLIST_FILE = CodabilityBestPractices/Info.plist;
				INSTALL_PATH = "$(LOCAL_LIBRARY_DIR)/Frameworks";
				LD_RUNPATH_SEARCH_PATHS = (
					"$(inherited)",
					"@executable_path/Frameworks",
					"@loader_path/Frameworks",
				);
				PRODUCT_BUNDLE_IDENTIFIER = com.joesus.CodabilityBestPractices;
				PRODUCT_NAME = "$(TARGET_NAME:c99extidentifier)";
				SKIP_INSTALL = YES;
				SWIFT_OPTIMIZATION_LEVEL = "-Onone";
				SWIFT_VERSION = 4.2;
				TARGETED_DEVICE_FAMILY = "1,2";
			};
			name = Debug;
		};
		F46F625F222C68C100E9C9CB /* Release */ = {
			isa = XCBuildConfiguration;
			buildSettings = {
				CLANG_ENABLE_MODULES = YES;
				CODE_SIGN_IDENTITY = "";
				CODE_SIGN_STYLE = Automatic;
				DEFINES_MODULE = YES;
				DEVELOPMENT_TEAM = NEL58AT86X;
				DYLIB_COMPATIBILITY_VERSION = 1;
				DYLIB_CURRENT_VERSION = 1;
				DYLIB_INSTALL_NAME_BASE = "@rpath";
				INFOPLIST_FILE = CodabilityBestPractices/Info.plist;
				INSTALL_PATH = "$(LOCAL_LIBRARY_DIR)/Frameworks";
				LD_RUNPATH_SEARCH_PATHS = (
					"$(inherited)",
					"@executable_path/Frameworks",
					"@loader_path/Frameworks",
				);
				PRODUCT_BUNDLE_IDENTIFIER = com.joesus.CodabilityBestPractices;
				PRODUCT_NAME = "$(TARGET_NAME:c99extidentifier)";
				SKIP_INSTALL = YES;
				SWIFT_VERSION = 4.2;
				TARGETED_DEVICE_FAMILY = "1,2";
			};
			name = Release;
		};
		F46F6261222C68C100E9C9CB /* Debug */ = {
			isa = XCBuildConfiguration;
			buildSettings = {
				ALWAYS_EMBED_SWIFT_STANDARD_LIBRARIES = YES;
				CLANG_ENABLE_MODULES = YES;
				CODE_SIGN_STYLE = Automatic;
				DEVELOPMENT_TEAM = NEL58AT86X;
				INFOPLIST_FILE = CodabilityBestPracticesTests/Info.plist;
				LD_RUNPATH_SEARCH_PATHS = (
					"$(inherited)",
					"@executable_path/Frameworks",
					"@loader_path/Frameworks",
				);
				PRODUCT_BUNDLE_IDENTIFIER = com.joesus.CodabilityBestPracticesTests;
				PRODUCT_NAME = "$(TARGET_NAME)";
				SWIFT_OPTIMIZATION_LEVEL = "-Onone";
				SWIFT_VERSION = 4.2;
				TARGETED_DEVICE_FAMILY = "1,2";
			};
			name = Debug;
		};
		F46F6262222C68C100E9C9CB /* Release */ = {
			isa = XCBuildConfiguration;
			buildSettings = {
				ALWAYS_EMBED_SWIFT_STANDARD_LIBRARIES = YES;
				CLANG_ENABLE_MODULES = YES;
				CODE_SIGN_STYLE = Automatic;
				DEVELOPMENT_TEAM = NEL58AT86X;
				INFOPLIST_FILE = CodabilityBestPracticesTests/Info.plist;
				LD_RUNPATH_SEARCH_PATHS = (
					"$(inherited)",
					"@executable_path/Frameworks",
					"@loader_path/Frameworks",
				);
				PRODUCT_BUNDLE_IDENTIFIER = com.joesus.CodabilityBestPracticesTests;
				PRODUCT_NAME = "$(TARGET_NAME)";
				SWIFT_VERSION = 4.2;
				TARGETED_DEVICE_FAMILY = "1,2";
			};
			name = Release;
		};
/* End XCBuildConfiguration section */

/* Begin XCConfigurationList section */
		F46F6243222C68C000E9C9CB /* Build configuration list for PBXProject "CodabilityBestPractices" */ = {
			isa = XCConfigurationList;
			buildConfigurations = (
				F46F625B222C68C100E9C9CB /* Debug */,
				F46F625C222C68C100E9C9CB /* Release */,
			);
			defaultConfigurationIsVisible = 0;
			defaultConfigurationName = Release;
		};
		F46F625D222C68C100E9C9CB /* Build configuration list for PBXNativeTarget "CodabilityBestPractices" */ = {
			isa = XCConfigurationList;
			buildConfigurations = (
				F46F625E222C68C100E9C9CB /* Debug */,
				F46F625F222C68C100E9C9CB /* Release */,
			);
			defaultConfigurationIsVisible = 0;
			defaultConfigurationName = Release;
		};
		F46F6260222C68C100E9C9CB /* Build configuration list for PBXNativeTarget "CodabilityBestPracticesTests" */ = {
			isa = XCConfigurationList;
			buildConfigurations = (
				F46F6261222C68C100E9C9CB /* Debug */,
				F46F6262222C68C100E9C9CB /* Release */,
			);
			defaultConfigurationIsVisible = 0;
			defaultConfigurationName = Release;
		};
/* End XCConfigurationList section */
	};
	rootObject = F46F6240222C68C000E9C9CB /* Project object */;
}
